{
  "name": "@nrk/core-css",
  "version": "1.10.1",
  "lockfileVersion": 1,
  "requires": true,
  "dependencies": {
    "ansi-styles": {
      "version": "3.2.1",
      "resolved": "https://registry.npmjs.org/ansi-styles/-/ansi-styles-3.2.1.tgz",
      "integrity": "sha512-VT0ZI6kZRdTh8YyJw3SMbYm/u+NqfsAxEpWO0Pf9sq8/e94WxxOpPKx9FR1FlyCtOVDNOQ+8ntlqFxiRc+r5qA==",
      "dev": true,
      "requires": {
        "color-convert": "^1.9.0"
      }
    },
    "async": {
      "version": "1.5.2",
      "resolved": "https://registry.npmjs.org/async/-/async-1.5.2.tgz",
      "integrity": "sha1-7GphrlZIDAw8skHJVhjiCJL5Zyo=",
      "dev": true
    },
    "autoprefixer": {
      "version": "9.4.0",
      "resolved": "https://registry.npmjs.org/autoprefixer/-/autoprefixer-9.4.0.tgz",
      "integrity": "sha512-gv1a1rzOyxmB2JuyXDLVNWyyUl1uelaKyxO1OP3UNWk7jAP+EhAT9rZdcDBH0C+ZEeTL56qNR4j2TjRZL68bXA==",
      "dev": true,
      "requires": {
        "browserslist": "^4.3.5",
        "caniuse-lite": "^1.0.30000912",
        "normalize-range": "^0.1.2",
        "num2fraction": "^1.2.2",
        "postcss": "^7.0.6",
        "postcss-value-parser": "^3.3.1"
      }
    },
    "browserslist": {
      "version": "4.3.5",
      "resolved": "https://registry.npmjs.org/browserslist/-/browserslist-4.3.5.tgz",
      "integrity": "sha512-z9ZhGc3d9e/sJ9dIx5NFXkKoaiQTnrvrMsN3R1fGb1tkWWNSz12UewJn9TNxGo1l7J23h0MRaPmk7jfeTZYs1w==",
      "dev": true,
      "requires": {
        "caniuse-lite": "^1.0.30000912",
        "electron-to-chromium": "^1.3.86",
        "node-releases": "^1.0.5"
      }
    },
    "caniuse-lite": {
      "version": "1.0.30000914",
      "resolved": "https://registry.npmjs.org/caniuse-lite/-/caniuse-lite-1.0.30000914.tgz",
      "integrity": "sha512-qqj0CL1xANgg6iDOybiPTIxtsmAnfIky9mBC35qgWrnK4WwmhqfpmkDYMYgwXJ8LRZ3/2jXlCntulO8mBaAgSg==",
      "dev": true
    },
    "chalk": {
      "version": "2.4.1",
      "resolved": "https://registry.npmjs.org/chalk/-/chalk-2.4.1.tgz",
      "integrity": "sha512-ObN6h1v2fTJSmUXoS3nMQ92LbDK9be4TV+6G+omQlGJFdcUX5heKi1LZ1YnRMIgwTLEj3E24bT6tYni50rlCfQ==",
      "dev": true,
      "requires": {
        "ansi-styles": "^3.2.1",
        "escape-string-regexp": "^1.0.5",
        "supports-color": "^5.3.0"
      }
    },
    "color-convert": {
      "version": "1.9.3",
      "resolved": "https://registry.npmjs.org/color-convert/-/color-convert-1.9.3.tgz",
      "integrity": "sha512-QfAUtd+vFdAtFQcC8CCyYt1fYWxSqAiK2cSD6zDB8N3cpsEBAvRxp9zOGg6G/SHHJYAT88/az/IuDGALsNVbGg==",
      "dev": true,
      "requires": {
        "color-name": "1.1.3"
      }
    },
    "color-name": {
      "version": "1.1.3",
      "resolved": "https://registry.npmjs.org/color-name/-/color-name-1.1.3.tgz",
      "integrity": "sha1-p9BVi9icQveV3UIyj3QIMcpTvCU=",
      "dev": true
    },
    "colors": {
      "version": "1.0.3",
      "resolved": "https://registry.npmjs.org/colors/-/colors-1.0.3.tgz",
      "integrity": "sha1-BDP0TYCWgP3rYO0mDxsMJi6CpAs=",
      "dev": true
    },
    "corser": {
      "version": "2.0.1",
      "resolved": "https://registry.npmjs.org/corser/-/corser-2.0.1.tgz",
      "integrity": "sha1-jtolLsqrWEDc2XXOuQ2TcMgZ/4c=",
      "dev": true
    },
    "debug": {
      "version": "3.1.0",
      "resolved": "https://registry.npmjs.org/debug/-/debug-3.1.0.tgz",
      "integrity": "sha512-OX8XqP7/1a9cqkxYw2yXss15f26NKWBpDXQd0/uK/KPqdQhxbPa994hnzjcE2VqQpDslf55723cKPUOGSmMY3g==",
      "dev": true,
      "requires": {
        "ms": "2.0.0"
      }
    },
    "ecstatic": {
      "version": "3.2.1",
      "resolved": "https://registry.npmjs.org/ecstatic/-/ecstatic-3.2.1.tgz",
      "integrity": "sha512-BAdHx9LOCG1fwxY8MIydUBskl8UUQrYeC3WE14FA1DPlBzqoG1aOgEkypcSpmiiel8RAj8gW1s40RrclfrpGUg==",
      "dev": true,
      "requires": {
        "he": "^1.1.1",
        "mime": "^1.6.0",
        "minimist": "^1.1.0",
        "url-join": "^2.0.5"
      }
    },
    "electron-to-chromium": {
      "version": "1.3.88",
      "resolved": "https://registry.npmjs.org/electron-to-chromium/-/electron-to-chromium-1.3.88.tgz",
      "integrity": "sha512-UPV4NuQMKeUh1S0OWRvwg0PI8ASHN9kBC8yDTk1ROXLC85W5GnhTRu/MZu3Teqx3JjlQYuckuHYXSUSgtb3J+A==",
      "dev": true
    },
    "escape-string-regexp": {
      "version": "1.0.5",
      "resolved": "https://registry.npmjs.org/escape-string-regexp/-/escape-string-regexp-1.0.5.tgz",
      "integrity": "sha1-G2HAViGQqN/2rjuyzwIAyhMLhtQ=",
      "dev": true
    },
    "eventemitter3": {
      "version": "3.1.0",
      "resolved": "https://registry.npmjs.org/eventemitter3/-/eventemitter3-3.1.0.tgz",
      "integrity": "sha512-ivIvhpq/Y0uSjcHDcOIccjmYjGLcP09MFGE7ysAwkAvkXfpZlC985pH2/ui64DKazbTW/4kN3yqozUxlXzI6cA==",
      "dev": true
    },
    "follow-redirects": {
      "version": "1.5.1",
      "resolved": "https://registry.npmjs.org/follow-redirects/-/follow-redirects-1.5.1.tgz",
      "integrity": "sha512-v9GI1hpaqq1ZZR6pBD1+kI7O24PhDvNGNodjS3MdcEqyrahCp8zbtpv+2B/krUnSmUH80lbAS7MrdeK5IylgKg==",
      "dev": true,
      "requires": {
        "debug": "^3.1.0"
      }
    },
    "has-flag": {
      "version": "3.0.0",
      "resolved": "https://registry.npmjs.org/has-flag/-/has-flag-3.0.0.tgz",
      "integrity": "sha1-tdRU3CGZriJWmfNGfloH87lVuv0=",
      "dev": true
    },
    "he": {
      "version": "1.1.1",
      "resolved": "https://registry.npmjs.org/he/-/he-1.1.1.tgz",
      "integrity": "sha1-k0EP0hsAlzUVH4howvJx80J+I/0=",
      "dev": true
    },
    "http-proxy": {
      "version": "1.17.0",
      "resolved": "https://registry.npmjs.org/http-proxy/-/http-proxy-1.17.0.tgz",
      "integrity": "sha512-Taqn+3nNvYRfJ3bGvKfBSRwy1v6eePlm3oc/aWVxZp57DQr5Eq3xhKJi7Z4hZpS8PC3H4qI+Yly5EmFacGuA/g==",
      "dev": true,
      "requires": {
        "eventemitter3": "^3.0.0",
        "follow-redirects": "^1.0.0",
        "requires-port": "^1.0.0"
      }
    },
    "http-server": {
      "version": "0.11.1",
      "resolved": "https://registry.npmjs.org/http-server/-/http-server-0.11.1.tgz",
      "integrity": "sha512-6JeGDGoujJLmhjiRGlt8yK8Z9Kl0vnl/dQoQZlc4oeqaUoAKQg94NILLfrY3oWzSyFaQCVNTcKE5PZ3cH8VP9w==",
      "dev": true,
      "requires": {
        "colors": "1.0.3",
        "corser": "~2.0.0",
        "ecstatic": "^3.0.0",
        "http-proxy": "^1.8.1",
        "opener": "~1.4.0",
        "optimist": "0.6.x",
        "portfinder": "^1.0.13",
        "union": "~0.4.3"
      }
    },
    "mime": {
      "version": "1.6.0",
      "resolved": "https://registry.npmjs.org/mime/-/mime-1.6.0.tgz",
      "integrity": "sha512-x0Vn8spI+wuJ1O6S7gnbaQg8Pxh4NNHb7KSINmEWKiPE4RKOplvijn+NkmYmmRgP68mc70j2EbeTFRsrswaQeg==",
      "dev": true
    },
    "minimist": {
      "version": "1.2.0",
      "resolved": "https://registry.npmjs.org/minimist/-/minimist-1.2.0.tgz",
      "integrity": "sha1-o1AIsg9BOD7sH7kU9M1d95omQoQ=",
      "dev": true
    },
    "mkdirp": {
      "version": "0.5.1",
      "resolved": "https://registry.npmjs.org/mkdirp/-/mkdirp-0.5.1.tgz",
      "integrity": "sha1-MAV0OOrGz3+MR2fzhkjWaX11yQM=",
      "dev": true,
      "requires": {
        "minimist": "0.0.8"
      },
      "dependencies": {
        "minimist": {
          "version": "0.0.8",
          "resolved": "https://registry.npmjs.org/minimist/-/minimist-0.0.8.tgz",
          "integrity": "sha1-hX/Kv8M5fSYluCKCYuhqp6ARsF0=",
          "dev": true
        }
      }
    },
    "ms": {
      "version": "2.0.0",
      "resolved": "https://registry.npmjs.org/ms/-/ms-2.0.0.tgz",
      "integrity": "sha1-VgiurfwAvmwpAd9fmGF4jeDVl8g=",
      "dev": true
    },
    "node-releases": {
      "version": "1.0.5",
      "resolved": "https://registry.npmjs.org/node-releases/-/node-releases-1.0.5.tgz",
      "integrity": "sha512-Ky7q0BO1BBkG/rQz6PkEZ59rwo+aSfhczHP1wwq8IowoVdN/FpiP7qp0XW0P2+BVCWe5fQUBozdbVd54q1RbCQ==",
      "dev": true,
      "requires": {
        "semver": "^5.3.0"
      }
    },
    "normalize-range": {
      "version": "0.1.2",
      "resolved": "https://registry.npmjs.org/normalize-range/-/normalize-range-0.1.2.tgz",
      "integrity": "sha1-LRDAa9/TEuqXd2laTShDlFa3WUI=",
      "dev": true
    },
    "num2fraction": {
      "version": "1.2.2",
      "resolved": "https://registry.npmjs.org/num2fraction/-/num2fraction-1.2.2.tgz",
      "integrity": "sha1-b2gragJ6Tp3fpFZM0lidHU5mnt4=",
      "dev": true
    },
    "opener": {
      "version": "1.4.3",
      "resolved": "https://registry.npmjs.org/opener/-/opener-1.4.3.tgz",
      "integrity": "sha1-XG2ixdflgx6P+jlklQ+NZnSskLg=",
      "dev": true
    },
    "optimist": {
      "version": "0.6.1",
      "resolved": "https://registry.npmjs.org/optimist/-/optimist-0.6.1.tgz",
      "integrity": "sha1-2j6nRob6IaGaERwybpDrFaAZZoY=",
      "dev": true,
      "requires": {
        "minimist": "~0.0.1",
        "wordwrap": "~0.0.2"
      },
      "dependencies": {
        "minimist": {
          "version": "0.0.10",
          "resolved": "https://registry.npmjs.org/minimist/-/minimist-0.0.10.tgz",
          "integrity": "sha1-3j+YVD2/lggr5IrRoMfNqDYwHc8=",
          "dev": true
        }
      }
    },
    "portfinder": {
      "version": "1.0.13",
      "resolved": "https://registry.npmjs.org/portfinder/-/portfinder-1.0.13.tgz",
      "integrity": "sha1-uzLs2HwnEErm7kS1o8y/Drsa7ek=",
      "dev": true,
      "requires": {
        "async": "^1.5.2",
        "debug": "^2.2.0",
        "mkdirp": "0.5.x"
      },
      "dependencies": {
        "debug": {
          "version": "2.6.9",
          "resolved": "https://registry.npmjs.org/debug/-/debug-2.6.9.tgz",
          "integrity": "sha512-bC7ElrdJaJnPbAP+1EotYvqZsb3ecl5wi6Bfi6BJTUcNowp6cvspg0jXznRTKDjm/E7AdgFBVeAPVMNcKGsHMA==",
          "dev": true,
          "requires": {
            "ms": "2.0.0"
          }
        }
      }
    },
    "postcss": {
      "version": "7.0.6",
      "resolved": "https://registry.npmjs.org/postcss/-/postcss-7.0.6.tgz",
      "integrity": "sha512-Nq/rNjnHFcKgCDDZYO0lNsl6YWe6U7tTy+ESN+PnLxebL8uBtYX59HZqvrj7YLK5UCyll2hqDsJOo3ndzEW8Ug==",
      "dev": true,
      "requires": {
        "chalk": "^2.4.1",
        "source-map": "^0.6.1",
        "supports-color": "^5.5.0"
      }
    },
    "postcss-value-parser": {
      "version": "3.3.1",
      "resolved": "https://registry.npmjs.org/postcss-value-parser/-/postcss-value-parser-3.3.1.tgz",
      "integrity": "sha512-pISE66AbVkp4fDQ7VHBwRNXzAAKJjw4Vw7nWI/+Q3vuly7SNfgYXvm6i5IgFylHGK5sP/xHAbB7N49OS4gWNyQ==",
      "dev": true
    },
    "qs": {
      "version": "2.3.3",
      "resolved": "https://registry.npmjs.org/qs/-/qs-2.3.3.tgz",
      "integrity": "sha1-6eha2+ddoLvkyOBHaghikPhjtAQ=",
      "dev": true
    },
    "requires-port": {
      "version": "1.0.0",
      "resolved": "https://registry.npmjs.org/requires-port/-/requires-port-1.0.0.tgz",
      "integrity": "sha1-kl0mAdOaxIXgkc8NpcbmlNw9yv8=",
      "dev": true
    },
    "semver": {
      "version": "5.6.0",
      "resolved": "https://registry.npmjs.org/semver/-/semver-5.6.0.tgz",
      "integrity": "sha512-RS9R6R35NYgQn++fkDWaOmqGoj4Ek9gGs+DPxNUZKuwE183xjJroKvyo1IzVFeXvUrvmALy6FWD5xrdJT25gMg==",
      "dev": true
    },
    "source-map": {
      "version": "0.6.1",
      "resolved": "https://registry.npmjs.org/source-map/-/source-map-0.6.1.tgz",
      "integrity": "sha512-UjgapumWlbMhkBgzT7Ykc5YXUT46F0iKu8SGXq0bcwP5dz/h0Plj6enJqjz1Zbq2l5WaqYnrVbwWOWMyF3F47g==",
      "dev": true
    },
    "supports-color": {
      "version": "5.5.0",
      "resolved": "https://registry.npmjs.org/supports-color/-/supports-color-5.5.0.tgz",
      "integrity": "sha512-QjVjwdXIt408MIiAqCX4oUKsgU2EqAGzs2Ppkm4aQYbjm+ZEWEcW4SfFNTr4uMNZma0ey4f5lgLrkB0aX0QMow==",
      "dev": true,
      "requires": {
        "has-flag": "^3.0.0"
      }
    },
    "union": {
      "version": "0.4.6",
      "resolved": "https://registry.npmjs.org/union/-/union-0.4.6.tgz",
      "integrity": "sha1-GY+9rrolTniLDvy2MLwR8kopWeA=",
      "dev": true,
      "requires": {
        "qs": "~2.3.3"
      }
    },
    "url-join": {
      "version": "2.0.5",
      "resolved": "https://registry.npmjs.org/url-join/-/url-join-2.0.5.tgz",
      "integrity": "sha1-WvIvGMBSoACkjXuCxenC4v7tpyg=",
      "dev": true
    },
    "wordwrap": {
      "version": "0.0.3",
      "resolved": "https://registry.npmjs.org/wordwrap/-/wordwrap-0.0.3.tgz",
      "integrity": "sha1-o9XabNXAvAAI03I0u68b7WMFkQc=",
      "dev": true
    }
  }
}
